
Microsoft Visual Studio Solution File, Format Version 12.00
# Visual Studio Version 16
VisualStudioVersion = 16.0.31410.357
MinimumVisualStudioVersion = 10.0.40219.1
Project("{FAE04EC0-301F-11D3-BF4B-00C04F79EFBC}") = "GazeteXML.ODEV", "GazeteXML.ODEV\GazeteXML.ODEV.csproj", "{AB93F0A3-7C18-4474-AEA1-CC16EB20B9C4}"
EndProject
Global
	GlobalSection(SolutionConfigurationPlatforms) = preSolution
		Debug|Any CPU = Debug|Any CPU
		Release|Any CPU = Release|Any CPU
	EndGlobalSection
	GlobalSection(ProjectConfigurationPlatforms) = postSolution
		{AB93F0A3-7C18-4474-AEA1-CC16EB20B9C4}.Debug|Any CPU.ActiveCfg = Debug|Any CPU
		{AB93F0A3-7C18-4474-AEA1-CC16EB20B9C4}.Debug|Any CPU.Build.0 = Debug|Any CPU
		{AB93F0A3-7C18-4474-AEA1-CC16EB20B9C4}.Release|Any CPU.ActiveCfg = Release|Any CPU
		{AB93F0A3-7C18-4474-AEA1-CC16EB20B9C4}.Release|Any CPU.Build.0 = Release|Any CPU
	EndGlobalSection
	GlobalSection(SolutionProperties) = preSolution
		HideSolutionNode = FALSE
	EndGlobalSection
	GlobalSection(ExtensibilityGlobals) = postSolution
		SolutionGuid = {577337C5-A19B-46E9-8D19-40F29C4459A8}
	EndGlobalSection
EndGlobal
